
Microsoft Visual Studio Solution File, Format Version 12.00
# Visual Studio 2012
Project("{8BC9CEB8-8B4A-11D0-8D11-00A0C91BC942}") = "HelloWorld", "HelloWorld\HelloWorld.vcxproj", "{3F57E2BE-2BCA-47A1-90BC-C576B516E9FF}"
EndProject
Global
	GlobalSection(SolutionConfigurationPlatforms) = preSolution
		Debug|Win32 = Debug|Win32
		Release|Win32 = Release|Win32
	EndGlobalSection
	GlobalSection(ProjectConfigurationPlatforms) = postSolution
		{3F57E2BE-2BCA-47A1-90BC-C576B516E9FF}.Debug|Win32.ActiveCfg = Debug|Win32
		{3F57E2BE-2BCA-47A1-90BC-C576B516E9FF}.Debug|Win32.Build.0 = Debug|Win32
		{3F57E2BE-2BCA-47A1-90BC-C576B516E9FF}.Release|Win32.ActiveCfg = Release|Win32
		{3F57E2BE-2BCA-47A1-90BC-C576B516E9FF}.Release|Win32.Build.0 = Release|Win32
	EndGlobalSection
	GlobalSection(SolutionProperties) = preSolution
		HideSolutionNode = FALSE
	EndGlobalSection
EndGlobal
